
Microsoft Visual Studio Solution File, Format Version 12.00
# Visual Studio Version 16
VisualStudioVersion = 16.0.29920.165
MinimumVisualStudioVersion = 10.0.40219.1
Project("{FAE04EC0-301F-11D3-BF4B-00C04F79EFBC}") = "gg", "gg\gg.csproj", "{04F6B3DA-9D45-4B13-93AB-0FAB9D6C3D66}"
EndProject
Global
	GlobalSection(SolutionConfigurationPlatforms) = preSolution
		Debug|Any CPU = Debug|Any CPU
		Release|Any CPU = Release|Any CPU
	EndGlobalSection
	GlobalSection(ProjectConfigurationPlatforms) = postSolution
		{04F6B3DA-9D45-4B13-93AB-0FAB9D6C3D66}.Debug|Any CPU.ActiveCfg = Debug|Any CPU
		{04F6B3DA-9D45-4B13-93AB-0FAB9D6C3D66}.Debug|Any CPU.Build.0 = Debug|Any CPU
		{04F6B3DA-9D45-4B13-93AB-0FAB9D6C3D66}.Release|Any CPU.ActiveCfg = Release|Any CPU
		{04F6B3DA-9D45-4B13-93AB-0FAB9D6C3D66}.Release|Any CPU.Build.0 = Release|Any CPU
	EndGlobalSection
	GlobalSection(SolutionProperties) = preSolution
		HideSolutionNode = FALSE
	EndGlobalSection
	GlobalSection(ExtensibilityGlobals) = postSolution
		SolutionGuid = {B9142CEA-7EEE-4A9C-A1A2-F18E205553C5}
	EndGlobalSection
EndGlobal
